
Microsoft Visual Studio Solution File, Format Version 12.00
# Visual Studio Version 17
VisualStudioVersion = 17.14.36127.28 d17.14
MinimumVisualStudioVersion = 10.0.40219.1
Project("{FAE04EC0-301F-11D3-BF4B-00C04F79EFBC}") = "Asp.Net_LoginImplementation", "Asp.Net_LoginImplementation\Asp.Net_LoginImplementation.csproj", "{9A0BB7FA-74CE-43A4-84BF-4EA136776131}"
EndProject
Global
	GlobalSection(SolutionConfigurationPlatforms) = preSolution
		Debug|Any CPU = Debug|Any CPU
		Release|Any CPU = Release|Any CPU
	EndGlobalSection
	GlobalSection(ProjectConfigurationPlatforms) = postSolution
		{9A0BB7FA-74CE-43A4-84BF-4EA136776131}.Debug|Any CPU.ActiveCfg = Debug|Any CPU
		{9A0BB7FA-74CE-43A4-84BF-4EA136776131}.Debug|Any CPU.Build.0 = Debug|Any CPU
		{9A0BB7FA-74CE-43A4-84BF-4EA136776131}.Release|Any CPU.ActiveCfg = Release|Any CPU
		{9A0BB7FA-74CE-43A4-84BF-4EA136776131}.Release|Any CPU.Build.0 = Release|Any CPU
	EndGlobalSection
	GlobalSection(SolutionProperties) = preSolution
		HideSolutionNode = FALSE
	EndGlobalSection
	GlobalSection(ExtensibilityGlobals) = postSolution
		SolutionGuid = {321F2562-F61E-4674-A32A-266FCC25BB65}
	EndGlobalSection
EndGlobal
